// !$*UTF8*$!
{
	archiveVersion = 1;
	classes = {
	};
	objectVersion = 77;
	objects = {

/* Begin PBXBuildFile section */
		BEC238BB2F3F2681009ADC19 /* Auth in Frameworks */ = {isa = PBXBuildFile; productRef = BEC238BA2F3F2681009ADC19 /* Auth */; };
		BEC238BD2F3F2685009ADC19 /* Functions in Frameworks */ = {isa = PBXBuildFile; productRef = BEC238BC2F3F2685009ADC19 /* Functions */; };
		BEC238BF2F3F2689009ADC19 /* PostgREST in Frameworks */ = {isa = PBXBuildFile; productRef = BEC238BE2F3F2689009ADC19 /* PostgREST */; };
		BEC238C12F3F268C009ADC19 /* Realtime in Frameworks */ = {isa = PBXBuildFile; productRef = BEC238C02F3F268C009ADC19 /* Realtime */; };
		BEC238C32F3F2694009ADC19 /* Supabase in Frameworks */ = {isa = PBXBuildFile; productRef = BEC238C22F3F2694009ADC19 /* Supabase */; };
		BEC238C52F3F2698009ADC19 /* Storage in Frameworks */ = {isa = PBXBuildFile; productRef = BEC238C42F3F2698009ADC19 /* Storage */; };
/* End PBXBuildFile section */

/* Begin PBXFileReference section */
		BEC238612F3F0D66009ADC19 /* ChemicalScanner.app */ = {isa = PBXFileReference; explicitFileType = wrapper.application; includeInIndex = 0; path = ChemicalScanner.app; sourceTree = BUILT_PRODUCTS_DIR; };
/* End PBXFileReference section */

/* Begin PBXFileSystemSynchronizedBuildFileExceptionSet section */
		BEC238B82F3F2536009ADC19 /* Exceptions for "ChemicalScanner" folder in "ChemicalScanner" target */ = {
			isa = PBXFileSystemSynchronizedBuildFileExceptionSet;
			membershipExceptions = (
				Info.plist,
			);
			target = BEC238602F3F0D66009ADC19 /* ChemicalScanner */;
		};
/* End PBXFileSystemSynchronizedBuildFileExceptionSet section */

/* Begin PBXFileSystemSynchronizedRootGroup section */
		BEC238632F3F0D66009ADC19 /* ChemicalScanner */ = {
			isa = PBXFileSystemSynchronizedRootGroup;
			exceptions = (
				BEC238B82F3F2536009ADC19 /* Exceptions for "ChemicalScanner" folder in "ChemicalScanner" target */,
			);
			path = ChemicalScanner;
			sourceTree = "<group>";
		};
/* End PBXFileSystemSynchronizedRootGroup section */

/* Begin PBXFrameworksBuildPhase section */
		BEC2385E2F3F0D66009ADC19 /* Frameworks */ = {
			isa = PBXFrameworksBuildPhase;
			buildActionMask = 2147483647;
			files = (
				BEC238C52F3F2698009ADC19 /* Storage in Frameworks */,
				BEC238C32F3F2694009ADC19 /* Supabase in Frameworks */,
				BEC238BF2F3F2689009ADC19 /* PostgREST in Frameworks */,
				BEC238BD2F3F2685009ADC19 /* Functions in Frameworks */,
				BEC238BB2F3F2681009ADC19 /* Auth in Frameworks */,
				BEC238C12F3F268C009ADC19 /* Realtime in Frameworks */,
			);
			runOnlyForDeploymentPostprocessing = 0;
		};
/* End PBXFrameworksBuildPhase section */

/* Begin PBXGroup section */
		BEC238582F3F0D66009ADC19 = {
			isa = PBXGroup;
			children = (
				BEC238632F3F0D66009ADC19 /* ChemicalScanner */,
				BEC238B92F3F2681009ADC19 /* Frameworks */,
				BEC238622F3F0D66009ADC19 /* Products */,
			);
			sourceTree = "<group>";
		};
		BEC238622F3F0D66009ADC19 /* Products */ = {
			isa = PBXGroup;
			children = (
				BEC238612F3F0D66009ADC19 /* ChemicalScanner.app */,
			);
			name = Products;
			sourceTree = "<group>";
		};
		BEC238B92F3F2681009ADC19 /* Frameworks */ = {
			isa = PBXGroup;
			children = (
			);
			name = Frameworks;
			sourceTree = "<group>";
		};
/* End PBXGroup section */

/* Begin PBXNativeTarget section */
		BEC238602F3F0D66009ADC19 /* ChemicalScanner */ = {
			isa = PBXNativeTarget;
			buildConfigurationList = BEC2386C2F3F0D67009ADC19 /* Build configuration list for PBXNativeTarget "ChemicalScanner" */;
			buildPhases = (
				BEC2385D2F3F0D66009ADC19 /* Sources */,
				BEC2385E2F3F0D66009ADC19 /* Frameworks */,
				BEC2385F2F3F0D66009ADC19 /* Resources */,
			);
			buildRules = (
			);
			dependencies = (
			);
			fileSystemSynchronizedGroups = (
				BEC238632F3F0D66009ADC19 /* ChemicalScanner */,
			);
			name = ChemicalScanner;
			packageProductDependencies = (
				BEC238BA2F3F2681009ADC19 /* Auth */,
				BEC238BC2F3F2685009ADC19 /* Functions */,
				BEC238BE2F3F2689009ADC19 /* PostgREST */,
				BEC238C02F3F268C009ADC19 /* Realtime */,
				BEC238C22F3F2694009ADC19 /* Supabase */,
				BEC238C42F3F2698009ADC19 /* Storage */,
			);
			productName = ChemicalScanner;
			productReference = BEC238612F3F0D66009ADC19 /* ChemicalScanner.app */;
			productType = "com.apple.product-type.application";
		};
/* End PBXNativeTarget section */

/* Begin PBXProject section */
		BEC238592F3F0D66009ADC19 /* Project object */ = {
			isa = PBXProject;
			attributes = {
				BuildIndependentTargetsInParallel = 1;
				LastSwiftUpdateCheck = 2620;
				LastUpgradeCheck = 2620;
				TargetAttributes = {
					BEC238602F3F0D66009ADC19 = {
						CreatedOnToolsVersion = 26.2;
					};
				};
			};
			buildConfigurationList = BEC2385C2F3F0D66009ADC19 /* Build configuration list for PBXProject "ChemicalScanner" */;
			developmentRegion = en;
			hasScannedForEncodings = 0;
			knownRegions = (
				en,
				Base,
			);
			mainGroup = BEC238582F3F0D66009ADC19;
			minimizedProjectReferenceProxies = 1;
			packageReferences = (
				BEC2386F2F3F0DEB009ADC19 /* XCRemoteSwiftPackageReference "supabase-swift" */,
			);
			preferredProjectObjectVersion = 77;
			productRefGroup = BEC238622F3F0D66009ADC19 /* Products */;
			projectDirPath = "";
			projectRoot = "";
			targets = (
				BEC238602F3F0D66009ADC19 /* ChemicalScanner */,
			);
		};
/* End PBXProject section */

/* Begin PBXResourcesBuildPhase section */
		BEC2385F2F3F0D66009ADC19 /* Resources */ = {
			isa = PBXResourcesBuildPhase;
			buildActionMask = 2147483647;
			files = (
			);
			runOnlyForDeploymentPostprocessing = 0;
		};
/* End PBXResourcesBuildPhase section */

/* Begin PBXSourcesBuildPhase section */
		BEC2385D2F3F0D66009ADC19 /* Sources */ = {
			isa = PBXSourcesBuildPhase;
			buildActionMask = 2147483647;
			files = (
			);
			runOnlyForDeploymentPostprocessing = 0;
		};
/* End PBXSourcesBuildPhase section */

/* Begin XCBuildConfiguration section */
		BEC2386A2F3F0D67009ADC19 /* Debug */ = {
			isa = XCBuildConfiguration;
			buildSettings = {
				ALWAYS_SEARCH_USER_PATHS = NO;
				ASSETCATALOG_COMPILER_GENERATE_SWIFT_ASSET_SYMBOL_EXTENSIONS = YES;
				CLANG_ANALYZER_NONNULL = YES;
				CLANG_ANALYZER_NUMBER_OBJECT_CONVERSION = YES_AGGRESSIVE;
				CLANG_CXX_LANGUAGE_STANDARD = "gnu++20";
				CLANG_ENABLE_MODULES = YES;
				CLANG_ENABLE_OBJC_ARC = YES;
				CLANG_ENABLE_OBJC_WEAK = YES;
				CLANG_WARN_BLOCK_CAPTURE_AUTORELEASING = YES;
				CLANG_WARN_BOOL_CONVERSION = YES;
				CLANG_WARN_COMMA = YES;
				CLANG_WARN_CONSTANT_CONVERSION = YES;
				CLANG_WARN_DEPRECATED_OBJC_IMPLEMENTATIONS = YES;
				CLANG_WARN_DIRECT_OBJC_ISA_USAGE = YES_ERROR;
				CLANG_WARN_DOCUMENTATION_COMMENTS = YES;
				CLANG_WARN_EMPTY_BODY = YES;
				CLANG_WARN_ENUM_CONVERSION = YES;
				CLANG_WARN_INFINITE_RECURSION = YES;
				CLANG_WARN_INT_CONVERSION = YES;
				CLANG_WARN_NON_LITERAL_NULL_CONVERSION = YES;
				CLANG_WARN_OBJC_IMPLICIT_RETAIN_SELF = YES;
				CLANG_WARN_OBJC_LITERAL_CONVERSION = YES;
				CLANG_WARN_OBJC_ROOT_CLASS = YES_ERROR;
				CLANG_WARN_QUOTED_INCLUDE_IN_FRAMEWORK_HEADER = YES;
				CLANG_WARN_RANGE_LOOP_ANALYSIS = YES;
				CLANG_WARN_STRICT_PROTOTYPES = YES;
				CLANG_WARN_SUSPICIOUS_MOVE = YES;
				CLANG_WARN_UNGUARDED_AVAILABILITY = YES_AGGRESSIVE;
				CLANG_WARN_UNREACHABLE_CODE = YES;
				CLANG_WARN__DUPLICATE_METHOD_MATCH = YES;
				COPY_PHASE_STRIP = NO;
				DEBUG_INFORMATION_FORMAT = dwarf;
				ENABLE_STRICT_OBJC_MSGSEND = YES;
				ENABLE_TESTABILITY = YES;
				ENABLE_USER_SCRIPT_SANDBOXING = YES;
				GCC_C_LANGUAGE_STANDARD = gnu17;
				GCC_DYNAMIC_NO_PIC = NO;
				GCC_NO_COMMON_BLOCKS = YES;
				GCC_OPTIMIZATION_LEVEL = 0;
				GCC_PREPROCESSOR_DEFINITIONS = (
					"DEBUG=1",
					"$(inherited)",
				);
				GCC_WARN_64_TO_32_BIT_CONVERSION = YES;
				GCC_WARN_ABOUT_RETURN_TYPE = YES_ERROR;
				GCC_WARN_UNDECLARED_SELECTOR = YES;
				GCC_WARN_UNINITIALIZED_AUTOS = YES_AGGRESSIVE;
				GCC_WARN_UNUSED_FUNCTION = YES;
				GCC_WARN_UNUSED_VARIABLE = YES;
				IPHONEOS_DEPLOYMENT_TARGET = 26.2;
				LOCALIZATION_PREFERS_STRING_CATALOGS = YES;
				MTL_ENABLE_DEBUG_INFO = INCLUDE_SOURCE;
				MTL_FAST_MATH = YES;
				ONLY_ACTIVE_ARCH = YES;
				SDKROOT = iphoneos;
				SWIFT_ACTIVE_COMPILATION_CONDITIONS = "DEBUG $(inherited)";
				SWIFT_OPTIMIZATION_LEVEL = "-Onone";
			};
			name = Debug;
		};
		BEC2386B2F3F0D67009ADC19 /* Release */ = {
			isa = XCBuildConfiguration;
			buildSettings = {
				ALWAYS_SEARCH_USER_PATHS = NO;
				ASSETCATALOG_COMPILER_GENERATE_SWIFT_ASSET_SYMBOL_EXTENSIONS = YES;
				CLANG_ANALYZER_NONNULL = YES;
				CLANG_ANALYZER_NUMBER_OBJECT_CONVERSION = YES_AGGRESSIVE;
				CLANG_CXX_LANGUAGE_STANDARD = "gnu++20";
				CLANG_ENABLE_MODULES = YES;
				CLANG_ENABLE_OBJC_ARC = YES;
				CLANG_ENABLE_OBJC_WEAK = YES;
				CLANG_WARN_BLOCK_CAPTURE_AUTORELEASING = YES;
				CLANG_WARN_BOOL_CONVERSION = YES;
				CLANG_WARN_COMMA = YES;
				CLANG_WARN_CONSTANT_CONVERSION = YES;
				CLANG_WARN_DEPRECATED_OBJC_IMPLEMENTATIONS = YES;
				CLANG_WARN_DIRECT_OBJC_ISA_USAGE = YES_ERROR;
				CLANG_WARN_DOCUMENTATION_COMMENTS = YES;
				CLANG_WARN_EMPTY_BODY = YES;
				CLANG_WARN_ENUM_CONVERSION = YES;
				CLANG_WARN_INFINITE_RECURSION = YES;
				CLANG_WARN_INT_CONVERSION = YES;
				CLANG_WARN_NON_LITERAL_NULL_CONVERSION = YES;
				CLANG_WARN_OBJC_IMPLICIT_RETAIN_SELF = YES;
				CLANG_WARN_OBJC_LITERAL_CONVERSION = YES;
				CLANG_WARN_OBJC_ROOT_CLASS = YES_ERROR;
				CLANG_WARN_QUOTED_INCLUDE_IN_FRAMEWORK_HEADER = YES;
				CLANG_WARN_RANGE_LOOP_ANALYSIS = YES;
				CLANG_WARN_STRICT_PROTOTYPES = YES;
				CLANG_WARN_SUSPICIOUS_MOVE = YES;
				CLANG_WARN_UNGUARDED_AVAILABILITY = YES_AGGRESSIVE;
				CLANG_WARN_UNREACHABLE_CODE = YES;
				CLANG_WARN__DUPLICATE_METHOD_MATCH = YES;
				COPY_PHASE_STRIP = NO;
				DEBUG_INFORMATION_FORMAT = "dwarf-with-dsym";
				ENABLE_NS_ASSERTIONS = NO;
				ENABLE_STRICT_OBJC_MSGSEND = YES;
				ENABLE_USER_SCRIPT_SANDBOXING = YES;
				GCC_C_LANGUAGE_STANDARD = gnu17;
				GCC_NO_COMMON_BLOCKS = YES;
				GCC_WARN_64_TO_32_BIT_CONVERSION = YES;
				GCC_WARN_ABOUT_RETURN_TYPE = YES_ERROR;
				GCC_WARN_UNDECLARED_SELECTOR = YES;
				GCC_WARN_UNINITIALIZED_AUTOS = YES_AGGRESSIVE;
				GCC_WARN_UNUSED_FUNCTION = YES;
				GCC_WARN_UNUSED_VARIABLE = YES;
				IPHONEOS_DEPLOYMENT_TARGET = 26.2;
				LOCALIZATION_PREFERS_STRING_CATALOGS = YES;
				MTL_ENABLE_DEBUG_INFO = NO;
				MTL_FAST_MATH = YES;
				SDKROOT = iphoneos;
				SWIFT_COMPILATION_MODE = wholemodule;
				VALIDATE_PRODUCT = YES;
			};
			name = Release;
		};
		BEC2386D2F3F0D67009ADC19 /* Debug */ = {
			isa = XCBuildConfiguration;
			buildSettings = {
				ASSETCATALOG_COMPILER_APPICON_NAME = AppIcon;
				ASSETCATALOG_COMPILER_GLOBAL_ACCENT_COLOR_NAME = AccentColor;
				CODE_SIGN_STYLE = Automatic;
				CURRENT_PROJECT_VERSION = 1;
				DEVELOPMENT_TEAM = 2X69BGY9H4;
				ENABLE_PREVIEWS = YES;
				GENERATE_INFOPLIST_FILE = YES;
				INFOPLIST_KEY_NSCameraUsageDescription = "This app needs camera access to photograph chemical labels.";
				INFOPLIST_KEY_NSLocationWhenInUseUsageDescription = "This app records your location when photographing chemical labels.";
				INFOPLIST_KEY_UIApplicationSceneManifest_Generation = YES;
				INFOPLIST_KEY_UIApplicationSupportsIndirectInputEvents = YES;
				INFOPLIST_KEY_UILaunchScreen_Generation = YES;
				INFOPLIST_KEY_UISupportedInterfaceOrientations = UIInterfaceOrientationPortrait;
				INFOPLIST_KEY_UISupportedInterfaceOrientations_iPad = "UIInterfaceOrientationLandscapeLeft UIInterfaceOrientationLandscapeRight UIInterfaceOrientationPortrait UIInterfaceOrientationPortraitUpsideDown";
				LD_RUNPATH_SEARCH_PATHS = (
					"$(inherited)",
					"@executable_path/Frameworks",
				);
				MARKETING_VERSION = 1.0;
				PRODUCT_BUNDLE_IDENTIFIER = com.ChrisRickman.ChemicalScanner.dev;
				PRODUCT_NAME = "$(TARGET_NAME)";
				STRING_CATALOG_GENERATE_SYMBOLS = YES;
				SWIFT_APPROACHABLE_CONCURRENCY = YES;
				SWIFT_DEFAULT_ACTOR_ISOLATION = MainActor;
				SWIFT_EMIT_LOC_STRINGS = YES;
				SWIFT_UPCOMING_FEATURE_MEMBER_IMPORT_VISIBILITY = YES;
				SWIFT_VERSION = 5.0;
				TARGETED_DEVICE_FAMILY = "1,2";
			};
			name = Debug;
		};
		BEC2386E2F3F0D67009ADC19 /* Release */ = {
			isa = XCBuildConfiguration;
			buildSettings = {
				ASSETCATALOG_COMPILER_APPICON_NAME = AppIcon;
				ASSETCATALOG_COMPILER_GLOBAL_ACCENT_COLOR_NAME = AccentColor;
				CODE_SIGN_STYLE = Automatic;
				CURRENT_PROJECT_VERSION = 1;
				DEVELOPMENT_TEAM = 2X69BGY9H4;
				ENABLE_PREVIEWS = YES;
				GENERATE_INFOPLIST_FILE = YES;
				INFOPLIST_KEY_NSCameraUsageDescription = "This app needs camera access to photograph chemical labels.";
				INFOPLIST_KEY_NSLocationWhenInUseUsageDescription = "This app records your location when photographing chemical labels.";
				INFOPLIST_KEY_UIApplicationSceneManifest_Generation = YES;
				INFOPLIST_KEY_UIApplicationSupportsIndirectInputEvents = YES;
				INFOPLIST_KEY_UILaunchScreen_Generation = YES;
				INFOPLIST_KEY_UISupportedInterfaceOrientations = UIInterfaceOrientationPortrait;
				INFOPLIST_KEY_UISupportedInterfaceOrientations_iPad = "UIInterfaceOrientationLandscapeLeft UIInterfaceOrientationLandscapeRight UIInterfaceOrientationPortrait UIInterfaceOrientationPortraitUpsideDown";
				LD_RUNPATH_SEARCH_PATHS = (
					"$(inherited)",
					"@executable_path/Frameworks",
				);
				MARKETING_VERSION = 1.0;
				PRODUCT_BUNDLE_IDENTIFIER = com.ChrisRickman.ChemicalScanner.dev;
				PRODUCT_NAME = "$(TARGET_NAME)";
				STRING_CATALOG_GENERATE_SYMBOLS = YES;
				SWIFT_APPROACHABLE_CONCURRENCY = YES;
				SWIFT_DEFAULT_ACTOR_ISOLATION = MainActor;
				SWIFT_EMIT_LOC_STRINGS = YES;
				SWIFT_UPCOMING_FEATURE_MEMBER_IMPORT_VISIBILITY = YES;
				SWIFT_VERSION = 5.0;
				TARGETED_DEVICE_FAMILY = "1,2";
			};
			name = Release;
		};
/* End XCBuildConfiguration section */

/* Begin XCConfigurationList section */
		BEC2385C2F3F0D66009ADC19 /* Build configuration list for PBXProject "ChemicalScanner" */ = {
			isa = XCConfigurationList;
			buildConfigurations = (
				BEC2386A2F3F0D67009ADC19 /* Debug */,
				BEC2386B2F3F0D67009ADC19 /* Release */,
			);
			defaultConfigurationIsVisible = 0;
			defaultConfigurationName = Release;
		};
		BEC2386C2F3F0D67009ADC19 /* Build configuration list for PBXNativeTarget "ChemicalScanner" */ = {
			isa = XCConfigurationList;
			buildConfigurations = (
				BEC2386D2F3F0D67009ADC19 /* Debug */,
				BEC2386E2F3F0D67009ADC19 /* Release */,
			);
			defaultConfigurationIsVisible = 0;
			defaultConfigurationName = Release;
		};
/* End XCConfigurationList section */

/* Begin XCRemoteSwiftPackageReference section */
		BEC2386F2F3F0DEB009ADC19 /* XCRemoteSwiftPackageReference "supabase-swift" */ = {
			isa = XCRemoteSwiftPackageReference;
			repositoryURL = "https://github.com/supabase/supabase-swift";
			requirement = {
				kind = upToNextMajorVersion;
				minimumVersion = 2.5.1;
			};
		};
/* End XCRemoteSwiftPackageReference section */

/* Begin XCSwiftPackageProductDependency section */
		BEC238BA2F3F2681009ADC19 /* Auth */ = {
			isa = XCSwiftPackageProductDependency;
			package = BEC2386F2F3F0DEB009ADC19 /* XCRemoteSwiftPackageReference "supabase-swift" */;
			productName = Auth;
		};
		BEC238BC2F3F2685009ADC19 /* Functions */ = {
			isa = XCSwiftPackageProductDependency;
			package = BEC2386F2F3F0DEB009ADC19 /* XCRemoteSwiftPackageReference "supabase-swift" */;
			productName = Functions;
		};
		BEC238BE2F3F2689009ADC19 /* PostgREST */ = {
			isa = XCSwiftPackageProductDependency;
			package = BEC2386F2F3F0DEB009ADC19 /* XCRemoteSwiftPackageReference "supabase-swift" */;
			productName = PostgREST;
		};
		BEC238C02F3F268C009ADC19 /* Realtime */ = {
			isa = XCSwiftPackageProductDependency;
			package = BEC2386F2F3F0DEB009ADC19 /* XCRemoteSwiftPackageReference "supabase-swift" */;
			productName = Realtime;
		};
		BEC238C22F3F2694009ADC19 /* Supabase */ = {
			isa = XCSwiftPackageProductDependency;
			package = BEC2386F2F3F0DEB009ADC19 /* XCRemoteSwiftPackageReference "supabase-swift" */;
			productName = Supabase;
		};
		BEC238C42F3F2698009ADC19 /* Storage */ = {
			isa = XCSwiftPackageProductDependency;
			package = BEC2386F2F3F0DEB009ADC19 /* XCRemoteSwiftPackageReference "supabase-swift" */;
			productName = Storage;
		};
/* End XCSwiftPackageProductDependency section */
	};
	rootObject = BEC238592F3F0D66009ADC19 /* Project object */;
}
